
Microsoft Visual Studio Solution File, Format Version 12.00
Project("{FAE04EC0-301F-11D3-BF4B-00C04F79EFBC}") = "Pennypal", "Pennypal\Pennypal.csproj", "{B91802E7-7D55-4F3F-8BB3-106A0F2487C6}"
EndProject
Global
	GlobalSection(SolutionConfigurationPlatforms) = preSolution
		Debug|Any CPU = Debug|Any CPU
		Release|Any CPU = Release|Any CPU
	EndGlobalSection
	GlobalSection(ProjectConfigurationPlatforms) = postSolution
		{B91802E7-7D55-4F3F-8BB3-106A0F2487C6}.Debug|Any CPU.ActiveCfg = Debug|Any CPU
		{B91802E7-7D55-4F3F-8BB3-106A0F2487C6}.Debug|Any CPU.Build.0 = Debug|Any CPU
		{B91802E7-7D55-4F3F-8BB3-106A0F2487C6}.Release|Any CPU.ActiveCfg = Release|Any CPU
		{B91802E7-7D55-4F3F-8BB3-106A0F2487C6}.Release|Any CPU.Build.0 = Release|Any CPU
	EndGlobalSection
EndGlobal
